lockfileVersion: '9.0'

settings:
  autoInstallPeers: true
  excludeLinksFromLockfile: false

importers:

  .:
    dependencies:
      body-scroll-lock-upgrade:
        specifier: ^1.1.0
        version: 1.1.0

packages:

  body-scroll-lock-upgrade@1.1.0:
    resolution: {integrity: sha512-nnfVAS+tB7CS9RaksuHVTpgHWHF7fE/ptIBJnwZrMqImIvWJF1OGcLnMpBhC6qhkx9oelvyxmWXwmIJXCV98Sw==}

snapshots:

  body-scroll-lock-upgrade@1.1.0: {}
